
Microsoft Visual Studio Solution File, Format Version 12.00
# Visual Studio Version 16
VisualStudioVersion = 16.0.31229.75
MinimumVisualStudioVersion = 10.0.40219.1
Project("{FAE04EC0-301F-11D3-BF4B-00C04F79EFBC}") = "clientes", "clientes.csproj", "{632790A9-A7A8-4691-9156-EA6D98D179E7}"
EndProject
Global
	GlobalSection(SolutionConfigurationPlatforms) = preSolution
		Debug|Any CPU = Debug|Any CPU
		Release|Any CPU = Release|Any CPU
	EndGlobalSection
	GlobalSection(ProjectConfigurationPlatforms) = postSolution
		{632790A9-A7A8-4691-9156-EA6D98D179E7}.Debug|Any CPU.ActiveCfg = Debug|Any CPU
		{632790A9-A7A8-4691-9156-EA6D98D179E7}.Debug|Any CPU.Build.0 = Debug|Any CPU
		{632790A9-A7A8-4691-9156-EA6D98D179E7}.Release|Any CPU.ActiveCfg = Release|Any CPU
		{632790A9-A7A8-4691-9156-EA6D98D179E7}.Release|Any CPU.Build.0 = Release|Any CPU
	EndGlobalSection
	GlobalSection(SolutionProperties) = preSolution
		HideSolutionNode = FALSE
	EndGlobalSection
	GlobalSection(ExtensibilityGlobals) = postSolution
		SolutionGuid = {1D61FE5D-2358-467A-B9E3-112B4E170177}
	EndGlobalSection
EndGlobal
